
Microsoft Visual Studio Solution File, Format Version 12.00
# Visual Studio Version 16
VisualStudioVersion = 16.0.31729.503
MinimumVisualStudioVersion = 10.0.40219.1
Project("{FAE04EC0-301F-11D3-BF4B-00C04F79EFBC}") = "MCD_ListGenericInceleme", "MCD_ListGenericInceleme\MCD_ListGenericInceleme.csproj", "{47185EA1-480A-4D9C-A578-220C625952CB}"
EndProject
Global
	GlobalSection(SolutionConfigurationPlatforms) = preSolution
		Debug|Any CPU = Debug|Any CPU
		Release|Any CPU = Release|Any CPU
	EndGlobalSection
	GlobalSection(ProjectConfigurationPlatforms) = postSolution
		{47185EA1-480A-4D9C-A578-220C625952CB}.Debug|Any CPU.ActiveCfg = Debug|Any CPU
		{47185EA1-480A-4D9C-A578-220C625952CB}.Debug|Any CPU.Build.0 = Debug|Any CPU
		{47185EA1-480A-4D9C-A578-220C625952CB}.Release|Any CPU.ActiveCfg = Release|Any CPU
		{47185EA1-480A-4D9C-A578-220C625952CB}.Release|Any CPU.Build.0 = Release|Any CPU
	EndGlobalSection
	GlobalSection(SolutionProperties) = preSolution
		HideSolutionNode = FALSE
	EndGlobalSection
	GlobalSection(ExtensibilityGlobals) = postSolution
		SolutionGuid = {83A3723C-D66C-439C-9829-A7DA4FFF80D8}
	EndGlobalSection
EndGlobal
